PODS:
  - Benetwork (1.0.0)
  - RSSelectionMenu (2.0.2)
  - SnapKit (4.0.0)

DEPENDENCIES:
  - Benetwork (from `https://github.com/NSDavidObject/Benetwork.git`)
  - RSSelectionMenu
  - SnapKit

EXTERNAL SOURCES:
  Benetwork:
    :git: https://github.com/NSDavidObject/Benetwork.git

CHECKOUT OPTIONS:
  Benetwork:
    :commit: 1452868ba4102ff06c36dcc50dd7fccf741b3e10
    :git: https://github.com/NSDavidObject/Benetwork.git

SPEC CHECKSUMS:
  Benetwork: 1caf9efea49d4d850fe386053694ec7ee17a8ad8
  RSSelectionMenu: 4b20c4e43fb5c45d69a23d706e589a282724357c
  SnapKit: a42d492c16e80209130a3379f73596c3454b7694

PODFILE CHECKSUM: 15c528152a91ea1838beadd479fe12649af99ecc

COCOAPODS: 1.2.1
