// !$*UTF8*$!
{
	archiveVersion = 1;
	classes = {
	};
	objectVersion = 48;
	objects = {

/* Begin PBXBuildFile section */
		5522CDE61FA10E5000055FFF /* AppDelegate.swift in Sources */ = {isa = PBXBuildFile; fileRef = 5522CDE51FA10E5000055FFF /* AppDelegate.swift */; };
		5522CDE81FA10E5000055FFF /* ViewController.swift in Sources */ = {isa = PBXBuildFile; fileRef = 5522CDE71FA10E5000055FFF /* ViewController.swift */; };
		5522CDED1FA10E5000055FFF /* Assets.xcassets in Resources */ = {isa = PBXBuildFile; fileRef = 5522CDEC1FA10E5000055FFF /* Assets.xcassets */; };
		5522CDF01FA10E5000055FFF /* LaunchScreen.storyboard in Resources */ = {isa = PBXBuildFile; fileRef = 5522CDEE1FA10E5000055FFF /* LaunchScreen.storyboard */; };
		D8575657044788F0A15C676D /* Pods_Canexch.framework in Frameworks */ = {isa = PBXBuildFile; fileRef = 2E1AB4A7A957CF9A0699CB1F /* Pods_Canexch.framework */; };
/* End PBXBuildFile section */

/* Begin PBXFileReference section */
		2E1AB4A7A957CF9A0699CB1F /* Pods_Canexch.framework */ = {isa = PBXFileReference; explicitFileType = wrapper.framework; includeInIndex = 0; path = Pods_Canexch.framework; sourceTree = BUILT_PRODUCTS_DIR; };
		5522CDE21FA10E5000055FFF /* Canexch.app */ = {isa = PBXFileReference; explicitFileType = wrapper.application; includeInIndex = 0; path = Canexch.app; sourceTree = BUILT_PRODUCTS_DIR; };
		5522CDE51FA10E5000055FFF /* AppDelegate.swift */ = {isa = PBXFileReference; lastKnownFileType = sourcecode.swift; path = AppDelegate.swift; sourceTree = "<group>"; };
		5522CDE71FA10E5000055FFF /* ViewController.swift */ = {isa = PBXFileReference; lastKnownFileType = sourcecode.swift; path = ViewController.swift; sourceTree = "<group>"; };
		5522CDEC1FA10E5000055FFF /* Assets.xcassets */ = {isa = PBXFileReference; lastKnownFileType = folder.assetcatalog; path = Assets.xcassets; sourceTree = "<group>"; };
		5522CDEF1FA10E5000055FFF /* Base */ = {isa = PBXFileReference; lastKnownFileType = file.storyboard; name = Base; path = Base.lproj/LaunchScreen.storyboard; sourceTree = "<group>"; };
		5522CDF11FA10E5000055FFF /* Info.plist */ = {isa = PBXFileReference; lastKnownFileType = text.plist.xml; path = Info.plist; sourceTree = "<group>"; };
		5A016AA78977A7943FE2FDF7 /* Pods-Canexch.release.xcconfig */ = {isa = PBXFileReference; includeInIndex = 1; lastKnownFileType = text.xcconfig; name = "Pods-Canexch.release.xcconfig"; path = "Pods/Target Support Files/Pods-Canexch/Pods-Canexch.release.xcconfig"; sourceTree = "<group>"; };
		F941053B38C575BF67CD4DA6 /* Pods-Canexch.debug.xcconfig */ = {isa = PBXFileReference; includeInIndex = 1; lastKnownFileType = text.xcconfig; name = "Pods-Canexch.debug.xcconfig"; path = "Pods/Target Support Files/Pods-Canexch/Pods-Canexch.debug.xcconfig"; sourceTree = "<group>"; };
/* End PBXFileReference section */

/* Begin PBXFrameworksBuildPhase section */
		5522CDDF1FA10E5000055FFF /* Frameworks */ = {
			isa = PBXFrameworksBuildPhase;
			buildActionMask = 2147483647;
			files = (
				D8575657044788F0A15C676D /* Pods_Canexch.framework in Frameworks */,
			);
			runOnlyForDeploymentPostprocessing = 0;
		};
/* End PBXFrameworksBuildPhase section */

/* Begin PBXGroup section */
		22883F432F77C34295F03693 /* Frameworks */ = {
			isa = PBXGroup;
			children = (
				2E1AB4A7A957CF9A0699CB1F /* Pods_Canexch.framework */,
			);
			name = Frameworks;
			sourceTree = "<group>";
		};
		4FAC7AC15B60216E24B15606 /* Pods */ = {
			isa = PBXGroup;
			children = (
				F941053B38C575BF67CD4DA6 /* Pods-Canexch.debug.xcconfig */,
				5A016AA78977A7943FE2FDF7 /* Pods-Canexch.release.xcconfig */,
			);
			name = Pods;
			sourceTree = "<group>";
		};
		5522CDD91FA10E5000055FFF = {
			isa = PBXGroup;
			children = (
				5522CDE41FA10E5000055FFF /* Canexch */,
				5522CDE31FA10E5000055FFF /* Products */,
				4FAC7AC15B60216E24B15606 /* Pods */,
				22883F432F77C34295F03693 /* Frameworks */,
			);
			sourceTree = "<group>";
		};
		5522CDE31FA10E5000055FFF /* Products */ = {
			isa = PBXGroup;
			children = (
				5522CDE21FA10E5000055FFF /* Canexch.app */,
			);
			name = Products;
			sourceTree = "<group>";
		};
		5522CDE41FA10E5000055FFF /* Canexch */ = {
			isa = PBXGroup;
			children = (
				5522CDE51FA10E5000055FFF /* AppDelegate.swift */,
				5522CDE71FA10E5000055FFF /* ViewController.swift */,
				5522CDEC1FA10E5000055FFF /* Assets.xcassets */,
				5522CDEE1FA10E5000055FFF /* LaunchScreen.storyboard */,
				5522CDF11FA10E5000055FFF /* Info.plist */,
			);
			path = Canexch;
			sourceTree = "<group>";
		};
/* End PBXGroup section */

/* Begin PBXNativeTarget section */
		5522CDE11FA10E5000055FFF /* Canexch */ = {
			isa = PBXNativeTarget;
			buildConfigurationList = 5522CDF41FA10E5000055FFF /* Build configuration list for PBXNativeTarget "Canexch" */;
			buildPhases = (
				3DC89D928CAFA87F9DCCF294 /* [CP] Check Pods Manifest.lock */,
				5522CDDE1FA10E5000055FFF /* Sources */,
				5522CDDF1FA10E5000055FFF /* Frameworks */,
				5522CDE01FA10E5000055FFF /* Resources */,
				C8BBC244E499B48C9B52DFFF /* [CP] Embed Pods Frameworks */,
				89342FF15423108DEBE7B2D4 /* [CP] Copy Pods Resources */,
			);
			buildRules = (
			);
			dependencies = (
			);
			name = Canexch;
			productName = Canexch;
			productReference = 5522CDE21FA10E5000055FFF /* Canexch.app */;
			productType = "com.apple.product-type.application";
		};
/* End PBXNativeTarget section */

/* Begin PBXProject section */
		5522CDDA1FA10E5000055FFF /* Project object */ = {
			isa = PBXProject;
			attributes = {
				LastSwiftUpdateCheck = 0900;
				LastUpgradeCheck = 0900;
				ORGANIZATIONNAME = Elsonbaty;
				TargetAttributes = {
					5522CDE11FA10E5000055FFF = {
						CreatedOnToolsVersion = 9.0;
						ProvisioningStyle = Automatic;
					};
				};
			};
			buildConfigurationList = 5522CDDD1FA10E5000055FFF /* Build configuration list for PBXProject "Canexch" */;
			compatibilityVersion = "Xcode 8.0";
			developmentRegion = en;
			hasScannedForEncodings = 0;
			knownRegions = (
				en,
				Base,
			);
			mainGroup = 5522CDD91FA10E5000055FFF;
			productRefGroup = 5522CDE31FA10E5000055FFF /* Products */;
			projectDirPath = "";
			projectRoot = "";
			targets = (
				5522CDE11FA10E5000055FFF /* Canexch */,
			);
		};
/* End PBXProject section */

/* Begin PBXResourcesBuildPhase section */
		5522CDE01FA10E5000055FFF /* Resources */ = {
			isa = PBXResourcesBuildPhase;
			buildActionMask = 2147483647;
			files = (
				5522CDF01FA10E5000055FFF /* LaunchScreen.storyboard in Resources */,
				5522CDED1FA10E5000055FFF /* Assets.xcassets in Resources */,
			);
			runOnlyForDeploymentPostprocessing = 0;
		};
/* End PBXResourcesBuildPhase section */

/* Begin PBXShellScriptBuildPhase section */
		3DC89D928CAFA87F9DCCF294 /* [CP] Check Pods Manifest.lock */ = {
			isa = PBXShellScriptBuildPhase;
			buildActionMask = 2147483647;
			files = (
			);
			inputPaths = (
			);
			name = "[CP] Check Pods Manifest.lock";
			outputPaths = (
			);
			runOnlyForDeploymentPostprocessing = 0;
			shellPath = /bin/sh;
			shellScript = "diff \"${PODS_PODFILE_DIR_PATH}/Podfile.lock\" \"${PODS_ROOT}/Manifest.lock\" > /dev/null\nif [ $? != 0 ] ; then\n    # print error to STDERR\n    echo \"error: The sandbox is not in sync with the Podfile.lock. Run 'pod install' or update your CocoaPods installation.\" >&2\n    exit 1\nfi\n";
			showEnvVarsInLog = 0;
		};
		89342FF15423108DEBE7B2D4 /* [CP] Copy Pods Resources */ = {
			isa = PBXShellScriptBuildPhase;
			buildActionMask = 2147483647;
			files = (
			);
			inputPaths = (
			);
			name = "[CP] Copy Pods Resources";
			outputPaths = (
			);
			runOnlyForDeploymentPostprocessing = 0;
			shellPath = /bin/sh;
			shellScript = "\"${SRCROOT}/Pods/Target Support Files/Pods-Canexch/Pods-Canexch-resources.sh\"\n";
			showEnvVarsInLog = 0;
		};
		C8BBC244E499B48C9B52DFFF /* [CP] Embed Pods Frameworks */ = {
			isa = PBXShellScriptBuildPhase;
			buildActionMask = 2147483647;
			files = (
			);
			inputPaths = (
			);
			name = "[CP] Embed Pods Frameworks";
			outputPaths = (
			);
			runOnlyForDeploymentPostprocessing = 0;
			shellPath = /bin/sh;
			shellScript = "\"${SRCROOT}/Pods/Target Support Files/Pods-Canexch/Pods-Canexch-frameworks.sh\"\n";
			showEnvVarsInLog = 0;
		};
/* End PBXShellScriptBuildPhase section */

/* Begin PBXSourcesBuildPhase section */
		5522CDDE1FA10E5000055FFF /* Sources */ = {
			isa = PBXSourcesBuildPhase;
			buildActionMask = 2147483647;
			files = (
				5522CDE81FA10E5000055FFF /* ViewController.swift in Sources */,
				5522CDE61FA10E5000055FFF /* AppDelegate.swift in Sources */,
			);
			runOnlyForDeploymentPostprocessing = 0;
		};
/* End PBXSourcesBuildPhase section */

/* Begin PBXVariantGroup section */
		5522CDEE1FA10E5000055FFF /* LaunchScreen.storyboard */ = {
			isa = PBXVariantGroup;
			children = (
				5522CDEF1FA10E5000055FFF /* Base */,
			);
			name = LaunchScreen.storyboard;
			sourceTree = "<group>";
		};
/* End PBXVariantGroup section */

/* Begin XCBuildConfiguration section */
		5522CDF21FA10E5000055FFF /* Debug */ = {
			isa = XCBuildConfiguration;
			buildSettings = {
				ALWAYS_SEARCH_USER_PATHS = NO;
				CLANG_ANALYZER_NONNULL = YES;
				CLANG_ANALYZER_NUMBER_OBJECT_CONVERSION = YES_AGGRESSIVE;
				CLANG_CXX_LANGUAGE_STANDARD = "gnu++14";
				CLANG_CXX_LIBRARY = "libc++";
				CLANG_ENABLE_MODULES = YES;
				CLANG_ENABLE_OBJC_ARC = YES;
				CLANG_WARN_BLOCK_CAPTURE_AUTORELEASING = YES;
				CLANG_WARN_BOOL_CONVERSION = YES;
				CLANG_WARN_COMMA = YES;
				CLANG_WARN_CONSTANT_CONVERSION = YES;
				CLANG_WARN_DIRECT_OBJC_ISA_USAGE = YES_ERROR;
				CLANG_WARN_DOCUMENTATION_COMMENTS = YES;
				CLANG_WARN_EMPTY_BODY = YES;
				CLANG_WARN_ENUM_CONVERSION = YES;
				CLANG_WARN_INFINITE_RECURSION = YES;
				CLANG_WARN_INT_CONVERSION = YES;
				CLANG_WARN_NON_LITERAL_NULL_CONVERSION = YES;
				CLANG_WARN_OBJC_LITERAL_CONVERSION = YES;
				CLANG_WARN_OBJC_ROOT_CLASS = YES_ERROR;
				CLANG_WARN_RANGE_LOOP_ANALYSIS = YES;
				CLANG_WARN_STRICT_PROTOTYPES = YES;
				CLANG_WARN_SUSPICIOUS_MOVE = YES;
				CLANG_WARN_UNGUARDED_AVAILABILITY = YES_AGGRESSIVE;
				CLANG_WARN_UNREACHABLE_CODE = YES;
				CLANG_WARN__DUPLICATE_METHOD_MATCH = YES;
				CODE_SIGN_IDENTITY = "iPhone Developer";
				COPY_PHASE_STRIP = NO;
				DEBUG_INFORMATION_FORMAT = dwarf;
				ENABLE_STRICT_OBJC_MSGSEND = YES;
				ENABLE_TESTABILITY = YES;
				GCC_C_LANGUAGE_STANDARD = gnu11;
				GCC_DYNAMIC_NO_PIC = NO;
				GCC_NO_COMMON_BLOCKS = YES;
				GCC_OPTIMIZATION_LEVEL = 0;
				GCC_PREPROCESSOR_DEFINITIONS = (
					"DEBUG=1",
					"$(inherited)",
				);
				GCC_WARN_64_TO_32_BIT_CONVERSION = YES;
				GCC_WARN_ABOUT_RETURN_TYPE = YES_ERROR;
				GCC_WARN_UNDECLARED_SELECTOR = YES;
				GCC_WARN_UNINITIALIZED_AUTOS = YES_AGGRESSIVE;
				GCC_WARN_UNUSED_FUNCTION = YES;
				GCC_WARN_UNUSED_VARIABLE = YES;
				IPHONEOS_DEPLOYMENT_TARGET = 11.0;
				MTL_ENABLE_DEBUG_INFO = YES;
				ONLY_ACTIVE_ARCH = YES;
				SDKROOT = iphoneos;
				SWIFT_ACTIVE_COMPILATION_CONDITIONS = DEBUG;
				SWIFT_OPTIMIZATION_LEVEL = "-Onone";
			};
			name = Debug;
		};
		5522CDF31FA10E5000055FFF /* Release */ = {
			isa = XCBuildConfiguration;
			buildSettings = {
				ALWAYS_SEARCH_USER_PATHS = NO;
				CLANG_ANALYZER_NONNULL = YES;
				CLANG_ANALYZER_NUMBER_OBJECT_CONVERSION = YES_AGGRESSIVE;
				CLANG_CXX_LANGUAGE_STANDARD = "gnu++14";
				CLANG_CXX_LIBRARY = "libc++";
				CLANG_ENABLE_MODULES = YES;
				CLANG_ENABLE_OBJC_ARC = YES;
				CLANG_WARN_BLOCK_CAPTURE_AUTORELEASING = YES;
				CLANG_WARN_BOOL_CONVERSION = YES;
				CLANG_WARN_COMMA = YES;
				CLANG_WARN_CONSTANT_CONVERSION = YES;
				CLANG_WARN_DIRECT_OBJC_ISA_USAGE = YES_ERROR;
				CLANG_WARN_DOCUMENTATION_COMMENTS = YES;
				CLANG_WARN_EMPTY_BODY = YES;
				CLANG_WARN_ENUM_CONVERSION = YES;
				CLANG_WARN_INFINITE_RECURSION = YES;
				CLANG_WARN_INT_CONVERSION = YES;
				CLANG_WARN_NON_LITERAL_NULL_CONVERSION = YES;
				CLANG_WARN_OBJC_LITERAL_CONVERSION = YES;
				CLANG_WARN_OBJC_ROOT_CLASS = YES_ERROR;
				CLANG_WARN_RANGE_LOOP_ANALYSIS = YES;
				CLANG_WARN_STRICT_PROTOTYPES = YES;
				CLANG_WARN_SUSPICIOUS_MOVE = YES;
				CLANG_WARN_UNGUARDED_AVAILABILITY = YES_AGGRESSIVE;
				CLANG_WARN_UNREACHABLE_CODE = YES;
				CLANG_WARN__DUPLICATE_METHOD_MATCH = YES;
				CODE_SIGN_IDENTITY = "iPhone Developer";
				COPY_PHASE_STRIP = NO;
				DEBUG_INFORMATION_FORMAT = "dwarf-with-dsym";
				ENABLE_NS_ASSERTIONS = NO;
				ENABLE_STRICT_OBJC_MSGSEND = YES;
				GCC_C_LANGUAGE_STANDARD = gnu11;
				GCC_NO_COMMON_BLOCKS = YES;
				GCC_WARN_64_TO_32_BIT_CONVERSION = YES;
				GCC_WARN_ABOUT_RETURN_TYPE = YES_ERROR;
				GCC_WARN_UNDECLARED_SELECTOR = YES;
				GCC_WARN_UNINITIALIZED_AUTOS = YES_AGGRESSIVE;
				GCC_WARN_UNUSED_FUNCTION = YES;
				GCC_WARN_UNUSED_VARIABLE = YES;
				IPHONEOS_DEPLOYMENT_TARGET = 11.0;
				MTL_ENABLE_DEBUG_INFO = NO;
				SDKROOT = iphoneos;
				SWIFT_OPTIMIZATION_LEVEL = "-Owholemodule";
				VALIDATE_PRODUCT = YES;
			};
			name = Release;
		};
		5522CDF51FA10E5000055FFF /* Debug */ = {
			isa = XCBuildConfiguration;
			baseConfigurationReference = F941053B38C575BF67CD4DA6 /* Pods-Canexch.debug.xcconfig */;
			buildSettings = {
				ASSETCATALOG_COMPILER_APPICON_NAME = AppIcon;
				CODE_SIGN_STYLE = Automatic;
				DEVELOPMENT_TEAM = NC6PEUTA52;
				INFOPLIST_FILE = Canexch/Info.plist;
				LD_RUNPATH_SEARCH_PATHS = "$(inherited) @executable_path/Frameworks";
				PRODUCT_BUNDLE_IDENTIFIER = com.elsonbaty.Canexch;
				PRODUCT_NAME = "$(TARGET_NAME)";
				SWIFT_VERSION = 4.0;
				TARGETED_DEVICE_FAMILY = "1,2";
			};
			name = Debug;
		};
		5522CDF61FA10E5000055FFF /* Release */ = {
			isa = XCBuildConfiguration;
			baseConfigurationReference = 5A016AA78977A7943FE2FDF7 /* Pods-Canexch.release.xcconfig */;
			buildSettings = {
				ASSETCATALOG_COMPILER_APPICON_NAME = AppIcon;
				CODE_SIGN_STYLE = Automatic;
				DEVELOPMENT_TEAM = NC6PEUTA52;
				INFOPLIST_FILE = Canexch/Info.plist;
				LD_RUNPATH_SEARCH_PATHS = "$(inherited) @executable_path/Frameworks";
				PRODUCT_BUNDLE_IDENTIFIER = com.elsonbaty.Canexch;
				PRODUCT_NAME = "$(TARGET_NAME)";
				SWIFT_VERSION = 4.0;
				TARGETED_DEVICE_FAMILY = "1,2";
			};
			name = Release;
		};
/* End XCBuildConfiguration section */

/* Begin XCConfigurationList section */
		5522CDDD1FA10E5000055FFF /* Build configuration list for PBXProject "Canexch" */ = {
			isa = XCConfigurationList;
			buildConfigurations = (
				5522CDF21FA10E5000055FFF /* Debug */,
				5522CDF31FA10E5000055FFF /* Release */,
			);
			defaultConfigurationIsVisible = 0;
			defaultConfigurationName = Release;
		};
		5522CDF41FA10E5000055FFF /* Build configuration list for PBXNativeTarget "Canexch" */ = {
			isa = XCConfigurationList;
			buildConfigurations = (
				5522CDF51FA10E5000055FFF /* Debug */,
				5522CDF61FA10E5000055FFF /* Release */,
			);
			defaultConfigurationIsVisible = 0;
			defaultConfigurationName = Release;
		};
/* End XCConfigurationList section */
	};
	rootObject = 5522CDDA1FA10E5000055FFF /* Project object */;
}
